
Microsoft Visual Studio Solution File, Format Version 12.00
# Visual Studio Version 16
VisualStudioVersion = 16.0.33927.289
MinimumVisualStudioVersion = 10.0.40219.1
Project("{FAE04EC0-301F-11D3-BF4B-00C04F79EFBC}") = "Lab4_Case3_SecureAccount", "Lab4_Case3_SecureAccount\Lab4_Case3_SecureAccount.csproj", "{AF5ACF1B-E40D-48E8-8E79-56AE04A91E70}"
EndProject
Global
	GlobalSection(SolutionConfigurationPlatforms) = preSolution
		Debug|Any CPU = Debug|Any CPU
		Release|Any CPU = Release|Any CPU
	EndGlobalSection
	GlobalSection(ProjectConfigurationPlatforms) = postSolution
		{AF5ACF1B-E40D-48E8-8E79-56AE04A91E70}.Debug|Any CPU.ActiveCfg = Debug|Any CPU
		{AF5ACF1B-E40D-48E8-8E79-56AE04A91E70}.Debug|Any CPU.Build.0 = Debug|Any CPU
		{AF5ACF1B-E40D-48E8-8E79-56AE04A91E70}.Release|Any CPU.ActiveCfg = Release|Any CPU
		{AF5ACF1B-E40D-48E8-8E79-56AE04A91E70}.Release|Any CPU.Build.0 = Release|Any CPU
	EndGlobalSection
	GlobalSection(SolutionProperties) = preSolution
		HideSolutionNode = FALSE
	EndGlobalSection
	GlobalSection(ExtensibilityGlobals) = postSolution
		SolutionGuid = {EB508911-55BC-4627-B46A-7AC2EAA71768}
	EndGlobalSection
EndGlobal
